Microsoft Visual Studio Solution File, Format Version 11.00
# Visual Studio 2008

Project("{B4402C71-4128-0806-AED4-867ABFA399DD}") = "3DEyeTracker", "Assembly-CSharp-vs.csproj", "{3D8D642E-88A7-4D4C-6136-77ECF92D31C9}"
EndProject
Project("{B4402C71-4128-0806-AED4-867ABFA399DD}") = "3DEyeTracker", "Assembly-CSharp-Editor-vs.csproj", "{98DB3A5F-9199-1A09-5584-8FC2B8C105B0}"
EndProject
Global
	GlobalSection(SolutionConfigurationPlatforms) = preSolution
		Debug|Any CPU = Debug|Any CPU
		Release|Any CPU = Release|Any CPU
	EndGlobalSection
	GlobalSection(ProjectConfigurationPlatforms) = postSolution
		{3D8D642E-88A7-4D4C-6136-77ECF92D31C9}.Debug|Any CPU.ActiveCfg = Debug|Any CPU
		{3D8D642E-88A7-4D4C-6136-77ECF92D31C9}.Debug|Any CPU.Build.0 = Debug|Any CPU
		{3D8D642E-88A7-4D4C-6136-77ECF92D31C9}.Release|Any CPU.ActiveCfg = Release|Any CPU
		{3D8D642E-88A7-4D4C-6136-77ECF92D31C9}.Release|Any CPU.Build.0 = Release|Any CPU
		{98DB3A5F-9199-1A09-5584-8FC2B8C105B0}.Debug|Any CPU.ActiveCfg = Debug|Any CPU
		{98DB3A5F-9199-1A09-5584-8FC2B8C105B0}.Debug|Any CPU.Build.0 = Debug|Any CPU
		{98DB3A5F-9199-1A09-5584-8FC2B8C105B0}.Release|Any CPU.ActiveCfg = Release|Any CPU
		{98DB3A5F-9199-1A09-5584-8FC2B8C105B0}.Release|Any CPU.Build.0 = Release|Any CPU
	EndGlobalSection
	GlobalSection(SolutionProperties) = preSolution
		HideSolutionNode = FALSE
	EndGlobalSection
																																																																																																																																																																																				GlobalSection(MonoDevelopProperties) = preSolution
		StartupItem = Assembly-CSharp.csproj
		Policies = $0
		$0.TextStylePolicy = $1
		$1.inheritsSet = null
		$1.scope = text/x-csharp
		$0.CSharpFormattingPolicy = $2
		$2.inheritsSet = Mono
		$2.inheritsScope = text/x-csharp
		$2.scope = text/x-csharp
		$0.TextStylePolicy = $3
		$3.FileWidth = 120
		$3.TabWidth = 4
		$3.IndentWidth = 4
		$3.EolMarker = Unix
		$3.inheritsSet = Mono
		$3.inheritsScope = text/plain
		$3.scope = text/plain
	EndGlobalSection

EndGlobal
